{
  "version": 4,
  "terraform_version": "1.10.1",
  "serial": 4,
  "lineage": "77d665fc-9e10-f9d7-41b1-a316dd9ce1c6",
  "outputs": {},
  "resources": [
    {
      "mode": "data",
      "type": "aws_caller_identity",
      "name": "current",
      "provider": "provider[\"registry.terraform.io/hashicorp/aws\"]",
      "instances": [
        {
          "schema_version": 0,
          "attributes": {
            "account_id": "159169122827",
            "arn": "arn:aws:iam::159169122827:user/Admin",
            "id": "159169122827",
            "user_id": "AIDASKDZYCIF3PRU5KMPZ"
          },
          "sensitive_attributes": []
        }
      ]
    },
    {
      "mode": "managed",
      "type": "aws_amplify_app",
      "name": "cf_website",
      "provider": "provider[\"registry.terraform.io/hashicorp/aws\"]",
      "instances": [
        {
          "schema_version": 0,
          "attributes": {
            "access_token": "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",
            "arn": "arn:aws:amplify:us-east-1:159169122827:apps/d1j81tiqdogixd",
            "auto_branch_creation_config": [
              {
                "basic_auth_credentials": "",
                "build_spec": "",
                "enable_auto_build": false,
                "enable_basic_auth": false,
                "enable_performance_mode": false,
                "enable_pull_request_preview": false,
                "environment_variables": {},
                "framework": "",
                "pull_request_environment_name": "",
                "stage": "NONE"
              }
            ],
            "auto_branch_creation_patterns": [
              "*",
              "*/**"
            ],
            "basic_auth_credentials": "",
            "build_spec": "version: 1\napplications:\n  - appRoot: ./\n    frontend:\n      buildPath: ./\n      phases:\n        preBuild:\n          commands:\n            - echo Entered the pre-build phase...\n            - pwd\n            - npm install --force\n\n        build:\n          commands:\n            - echo \"🛠️ Setting up your environmental variables...\"\n            - echo \"NEXT_PUBLIC_USER_POOL_ID=$USER_POOL_ID\" \u003e\u003e .env\n            - echo \"NEXT_PUBLIC_APP_CLIENT_ID=$APP_CLIENT_ID\" \u003e\u003e .env\n            - echo \"NEXT_PUBLIC_REGION\" \u003e\u003e .env\n            - echo \"Printing environmental variables to the console to ensure they are correct\"\n            - cat .env\n            - npm run build\n            - echo \"✅ Success!\"\n      artifacts:\n        baseDirectory: .next\n        files:\n          - \"**/*\"\n      cache:\n        paths:\n          - node_modules/**/*\n",
            "cache_config": [
              {
                "type": "AMPLIFY_MANAGED"
              }
            ],
            "custom_headers": "",
            "custom_rule": [],
            "default_domain": "d1j81tiqdogixd.amplifyapp.com",
            "description": "",
            "enable_auto_branch_creation": true,
            "enable_basic_auth": false,
            "enable_branch_auto_build": false,
            "enable_branch_auto_deletion": true,
            "environment_variables": {
              "AMPLIFY_MONOREPO_APP_ROOT": "./",
              "NEXT_PUBLIC_REGION": "us-east-1",
              "NEXT_PUBLIC_USER_POOL_CLIENT_ID": "7n0seqfh9e2e97mrp14b4dcknm",
              "NEXT_PUBLIC_USER_POOL_ID": "us-east-1_eH3KhD7Is"
            },
            "iam_service_role_arn": "arn:aws:iam::159169122827:role/amplify_service_role",
            "id": "d1j81tiqdogixd",
            "name": "block_app",
            "oauth_token": null,
            "platform": "WEB_COMPUTE",
            "production_branch": [],
            "repository": "https://github.com/Tolu-Orina/Conqueror-Foundation",
            "tags": null,
            "tags_all": {}
          },
          "sensitive_attributes": [
            [
              {
                "type": "get_attr",
                "value": "basic_auth_credentials"
              }
            ],
            [
              {
                "type": "get_attr",
                "value": "auto_branch_creation_config"
              },
              {
                "type": "index",
                "value": {
                  "value": 0,
                  "type": "number"
                }
              },
              {
                "type": "get_attr",
                "value": "basic_auth_credentials"
              }
            ],
            [
              {
                "type": "get_attr",
                "value": "access_token"
              }
            ],
            [
              {
                "type": "get_attr",
                "value": "oauth_token"
              }
            ]
          ],
          "private": "bnVsbA==",
          "dependencies": [
            "data.aws_caller_identity.current"
          ]
        }
      ]
    },
    {
      "mode": "managed",
      "type": "aws_amplify_branch",
      "name": "main_prod",
      "provider": "provider[\"registry.terraform.io/hashicorp/aws\"]",
      "instances": [
        {
          "schema_version": 0,
          "attributes": {
            "app_id": "d1j81tiqdogixd",
            "arn": "arn:aws:amplify:us-east-1:159169122827:apps/d1j81tiqdogixd/branches/main",
            "associated_resources": [],
            "backend_environment_arn": "",
            "basic_auth_credentials": "",
            "branch_name": "main",
            "custom_domains": [],
            "description": "",
            "destination_branch": "",
            "display_name": "main",
            "enable_auto_build": true,
            "enable_basic_auth": false,
            "enable_notification": false,
            "enable_performance_mode": false,
            "enable_pull_request_preview": false,
            "environment_variables": null,
            "framework": "Next.js - SSR",
            "id": "d1j81tiqdogixd/main",
            "pull_request_environment_name": "",
            "source_branch": "",
            "stage": "PRODUCTION",
            "tags": null,
            "tags_all": {},
            "ttl": "5"
          },
          "sensitive_attributes": [
            [
              {
                "type": "get_attr",
                "value": "basic_auth_credentials"
              }
            ]
          ],
          "private": "bnVsbA==",
          "dependencies": [
            "aws_amplify_app.cf_website",
            "data.aws_caller_identity.current"
          ]
        }
      ]
    },
    {
      "mode": "managed",
      "type": "aws_amplify_domain_association",
      "name": "cf_website",
      "provider": "provider[\"registry.terraform.io/hashicorp/aws\"]",
      "instances": [
        {
          "status": "tainted",
          "schema_version": 0,
          "attributes": {
            "app_id": "d1j81tiqdogixd",
            "arn": null,
            "certificate_settings": null,
            "certificate_verification_dns_record": null,
            "domain_name": "conquerorfoundation.com",
            "enable_auto_sub_domain": false,
            "id": "d1j81tiqdogixd/conquerorfoundation.com",
            "sub_domain": [
              {
                "branch_name": "main",
                "dns_record": "",
                "prefix": "www",
                "verified": false
              }
            ],
            "wait_for_verification": true
          },
          "sensitive_attributes": [],
          "private": "bnVsbA==",
          "dependencies": [
            "aws_amplify_app.cf_website",
            "aws_amplify_branch.main_prod",
            "data.aws_caller_identity.current"
          ]
        }
      ]
    }
  ],
  "check_results": null
}
